
Microsoft Visual Studio Solution File, Format Version 12.00
# Visual Studio 15
VisualStudioVersion = 15.0.27130.0
MinimumVisualStudioVersion = 15.0.26124.0
Project("{9A19103F-16F7-4668-BE54-9A1E7A4F7556}") = "BTCPayServer", "BTCPayServer\BTCPayServer.csproj", "{949A0870-8D8C-4DE5-8845-DDD560489177}"
EndProject
Project("{9A19103F-16F7-4668-BE54-9A1E7A4F7556}") = "BTCPayServer.Tests", "BTCPayServer.Tests\BTCPayServer.Tests.csproj", "{B373F439-6E75-4A94-985D-10A0C7C500D0}"
EndProject
Project("{FAE04EC0-301F-11D3-BF4B-00C04F79EFBC}") = "ClientApp", "CodeFlow\ClientApp\ClientApp.csproj", "{FB0678CB-A46A-4632-BBB2-F1A44DB1A2EE}"
EndProject
Project("{FAE04EC0-301F-11D3-BF4B-00C04F79EFBC}") = "PasswordFlow", "PasswordFlow\PasswordFlow.csproj", "{A860D5B4-731D-44EE-B941-C7877D0BBBEA}"
EndProject
Project("{FAE04EC0-301F-11D3-BF4B-00C04F79EFBC}") = "AngularApp", "RefreshFlow\AngularApp\AngularApp.csproj", "{05E21F55-2C9F-4072-A0B2-12F3903635BD}"
EndProject
Project("{FAE04EC0-301F-11D3-BF4B-00C04F79EFBC}") = "ThirdPartyApi", "ThirdPartyApi\ThirdPartyApi.csproj", "{751B1B03-EBDA-4384-987F-BDD993B9824C}"
EndProject
Project("{FAE04EC0-301F-11D3-BF4B-00C04F79EFBC}") = "ClientApp", "CodeFlow\ClientApp\ClientApp.csproj", "{2E8A9868-11F3-454C-BCA8-B063FB4AE5FD}"
EndProject
Global
	GlobalSection(SolutionConfigurationPlatforms) = preSolution
		Debug|Any CPU = Debug|Any CPU
		Debug|x64 = Debug|x64
		Debug|x86 = Debug|x86
		Release|Any CPU = Release|Any CPU
		Release|x64 = Release|x64
		Release|x86 = Release|x86
	EndGlobalSection
	GlobalSection(ProjectConfigurationPlatforms) = postSolution
		{949A0870-8D8C-4DE5-8845-DDD560489177}.Debug|Any CPU.ActiveCfg = Debug|Any CPU
		{949A0870-8D8C-4DE5-8845-DDD560489177}.Debug|Any CPU.Build.0 = Debug|Any CPU
		{949A0870-8D8C-4DE5-8845-DDD560489177}.Debug|x64.ActiveCfg = Debug|Any CPU
		{949A0870-8D8C-4DE5-8845-DDD560489177}.Debug|x64.Build.0 = Debug|Any CPU
		{949A0870-8D8C-4DE5-8845-DDD560489177}.Debug|x86.ActiveCfg = Debug|Any CPU
		{949A0870-8D8C-4DE5-8845-DDD560489177}.Debug|x86.Build.0 = Debug|Any CPU
		{949A0870-8D8C-4DE5-8845-DDD560489177}.Release|Any CPU.ActiveCfg = Release|Any CPU
		{949A0870-8D8C-4DE5-8845-DDD560489177}.Release|Any CPU.Build.0 = Release|Any CPU
		{949A0870-8D8C-4DE5-8845-DDD560489177}.Release|x64.ActiveCfg = Release|Any CPU
		{949A0870-8D8C-4DE5-8845-DDD560489177}.Release|x64.Build.0 = Release|Any CPU
		{949A0870-8D8C-4DE5-8845-DDD560489177}.Release|x86.ActiveCfg = Release|Any CPU
		{949A0870-8D8C-4DE5-8845-DDD560489177}.Release|x86.Build.0 = Release|Any CPU
		{B373F439-6E75-4A94-985D-10A0C7C500D0}.Debug|Any CPU.ActiveCfg = Debug|Any CPU
		{B373F439-6E75-4A94-985D-10A0C7C500D0}.Debug|Any CPU.Build.0 = Debug|Any CPU
		{B373F439-6E75-4A94-985D-10A0C7C500D0}.Debug|x64.ActiveCfg = Debug|Any CPU
		{B373F439-6E75-4A94-985D-10A0C7C500D0}.Debug|x64.Build.0 = Debug|Any CPU
		{B373F439-6E75-4A94-985D-10A0C7C500D0}.Debug|x86.ActiveCfg = Debug|Any CPU
		{B373F439-6E75-4A94-985D-10A0C7C500D0}.Debug|x86.Build.0 = Debug|Any CPU
		{B373F439-6E75-4A94-985D-10A0C7C500D0}.Release|Any CPU.ActiveCfg = Release|Any CPU
		{B373F439-6E75-4A94-985D-10A0C7C500D0}.Release|Any CPU.Build.0 = Release|Any CPU
		{B373F439-6E75-4A94-985D-10A0C7C500D0}.Release|x64.ActiveCfg = Release|Any CPU
		{B373F439-6E75-4A94-985D-10A0C7C500D0}.Release|x64.Build.0 = Release|Any CPU
		{B373F439-6E75-4A94-985D-10A0C7C500D0}.Release|x86.ActiveCfg = Release|Any CPU
		{B373F439-6E75-4A94-985D-10A0C7C500D0}.Release|x86.Build.0 = Release|Any CPU
		{FB0678CB-A46A-4632-BBB2-F1A44DB1A2EE}.Debug|Any CPU.ActiveCfg = Debug|Any CPU
		{FB0678CB-A46A-4632-BBB2-F1A44DB1A2EE}.Debug|Any CPU.Build.0 = Debug|Any CPU
		{FB0678CB-A46A-4632-BBB2-F1A44DB1A2EE}.Debug|x64.ActiveCfg = Debug|Any CPU
		{FB0678CB-A46A-4632-BBB2-F1A44DB1A2EE}.Debug|x64.Build.0 = Debug|Any CPU
		{FB0678CB-A46A-4632-BBB2-F1A44DB1A2EE}.Debug|x86.ActiveCfg = Debug|Any CPU
		{FB0678CB-A46A-4632-BBB2-F1A44DB1A2EE}.Debug|x86.Build.0 = Debug|Any CPU
		{FB0678CB-A46A-4632-BBB2-F1A44DB1A2EE}.Release|Any CPU.ActiveCfg = Release|Any CPU
		{FB0678CB-A46A-4632-BBB2-F1A44DB1A2EE}.Release|Any CPU.Build.0 = Release|Any CPU
		{FB0678CB-A46A-4632-BBB2-F1A44DB1A2EE}.Release|x64.ActiveCfg = Release|Any CPU
		{FB0678CB-A46A-4632-BBB2-F1A44DB1A2EE}.Release|x64.Build.0 = Release|Any CPU
		{FB0678CB-A46A-4632-BBB2-F1A44DB1A2EE}.Release|x86.ActiveCfg = Release|Any CPU
		{FB0678CB-A46A-4632-BBB2-F1A44DB1A2EE}.Release|x86.Build.0 = Release|Any CPU
		{A860D5B4-731D-44EE-B941-C7877D0BBBEA}.Debug|Any CPU.ActiveCfg = Debug|Any CPU
		{A860D5B4-731D-44EE-B941-C7877D0BBBEA}.Debug|Any CPU.Build.0 = Debug|Any CPU
		{A860D5B4-731D-44EE-B941-C7877D0BBBEA}.Debug|x64.ActiveCfg = Debug|Any CPU
		{A860D5B4-731D-44EE-B941-C7877D0BBBEA}.Debug|x64.Build.0 = Debug|Any CPU
		{A860D5B4-731D-44EE-B941-C7877D0BBBEA}.Debug|x86.ActiveCfg = Debug|Any CPU
		{A860D5B4-731D-44EE-B941-C7877D0BBBEA}.Debug|x86.Build.0 = Debug|Any CPU
		{A860D5B4-731D-44EE-B941-C7877D0BBBEA}.Release|Any CPU.ActiveCfg = Release|Any CPU
		{A860D5B4-731D-44EE-B941-C7877D0BBBEA}.Release|Any CPU.Build.0 = Release|Any CPU
		{A860D5B4-731D-44EE-B941-C7877D0BBBEA}.Release|x64.ActiveCfg = Release|Any CPU
		{A860D5B4-731D-44EE-B941-C7877D0BBBEA}.Release|x64.Build.0 = Release|Any CPU
		{A860D5B4-731D-44EE-B941-C7877D0BBBEA}.Release|x86.ActiveCfg = Release|Any CPU
		{A860D5B4-731D-44EE-B941-C7877D0BBBEA}.Release|x86.Build.0 = Release|Any CPU
		{05E21F55-2C9F-4072-A0B2-12F3903635BD}.Debug|Any CPU.ActiveCfg = Debug|Any CPU
		{05E21F55-2C9F-4072-A0B2-12F3903635BD}.Debug|Any CPU.Build.0 = Debug|Any CPU
		{05E21F55-2C9F-4072-A0B2-12F3903635BD}.Debug|x64.ActiveCfg = Debug|Any CPU
		{05E21F55-2C9F-4072-A0B2-12F3903635BD}.Debug|x64.Build.0 = Debug|Any CPU
		{05E21F55-2C9F-4072-A0B2-12F3903635BD}.Debug|x86.ActiveCfg = Debug|Any CPU
		{05E21F55-2C9F-4072-A0B2-12F3903635BD}.Debug|x86.Build.0 = Debug|Any CPU
		{05E21F55-2C9F-4072-A0B2-12F3903635BD}.Release|Any CPU.ActiveCfg = Release|Any CPU
		{05E21F55-2C9F-4072-A0B2-12F3903635BD}.Release|Any CPU.Build.0 = Release|Any CPU
		{05E21F55-2C9F-4072-A0B2-12F3903635BD}.Release|x64.ActiveCfg = Release|Any CPU
		{05E21F55-2C9F-4072-A0B2-12F3903635BD}.Release|x64.Build.0 = Release|Any CPU
		{05E21F55-2C9F-4072-A0B2-12F3903635BD}.Release|x86.ActiveCfg = Release|Any CPU
		{05E21F55-2C9F-4072-A0B2-12F3903635BD}.Release|x86.Build.0 = Release|Any CPU
		{751B1B03-EBDA-4384-987F-BDD993B9824C}.Debug|Any CPU.ActiveCfg = Debug|Any CPU
		{751B1B03-EBDA-4384-987F-BDD993B9824C}.Debug|Any CPU.Build.0 = Debug|Any CPU
		{751B1B03-EBDA-4384-987F-BDD993B9824C}.Debug|x64.ActiveCfg = Debug|Any CPU
		{751B1B03-EBDA-4384-987F-BDD993B9824C}.Debug|x64.Build.0 = Debug|Any CPU
		{751B1B03-EBDA-4384-987F-BDD993B9824C}.Debug|x86.ActiveCfg = Debug|Any CPU
		{751B1B03-EBDA-4384-987F-BDD993B9824C}.Debug|x86.Build.0 = Debug|Any CPU
		{751B1B03-EBDA-4384-987F-BDD993B9824C}.Release|Any CPU.ActiveCfg = Release|Any CPU
		{751B1B03-EBDA-4384-987F-BDD993B9824C}.Release|Any CPU.Build.0 = Release|Any CPU
		{751B1B03-EBDA-4384-987F-BDD993B9824C}.Release|x64.ActiveCfg = Release|Any CPU
		{751B1B03-EBDA-4384-987F-BDD993B9824C}.Release|x64.Build.0 = Release|Any CPU
		{751B1B03-EBDA-4384-987F-BDD993B9824C}.Release|x86.ActiveCfg = Release|Any CPU
		{751B1B03-EBDA-4384-987F-BDD993B9824C}.Release|x86.Build.0 = Release|Any CPU
		{2E8A9868-11F3-454C-BCA8-B063FB4AE5FD}.Debug|Any CPU.ActiveCfg = Debug|Any CPU
		{2E8A9868-11F3-454C-BCA8-B063FB4AE5FD}.Debug|Any CPU.Build.0 = Debug|Any CPU
		{2E8A9868-11F3-454C-BCA8-B063FB4AE5FD}.Debug|x64.ActiveCfg = Debug|Any CPU
		{2E8A9868-11F3-454C-BCA8-B063FB4AE5FD}.Debug|x64.Build.0 = Debug|Any CPU
		{2E8A9868-11F3-454C-BCA8-B063FB4AE5FD}.Debug|x86.ActiveCfg = Debug|Any CPU
		{2E8A9868-11F3-454C-BCA8-B063FB4AE5FD}.Debug|x86.Build.0 = Debug|Any CPU
		{2E8A9868-11F3-454C-BCA8-B063FB4AE5FD}.Release|Any CPU.ActiveCfg = Release|Any CPU
		{2E8A9868-11F3-454C-BCA8-B063FB4AE5FD}.Release|Any CPU.Build.0 = Release|Any CPU
		{2E8A9868-11F3-454C-BCA8-B063FB4AE5FD}.Release|x64.ActiveCfg = Release|Any CPU
		{2E8A9868-11F3-454C-BCA8-B063FB4AE5FD}.Release|x64.Build.0 = Release|Any CPU
		{2E8A9868-11F3-454C-BCA8-B063FB4AE5FD}.Release|x86.ActiveCfg = Release|Any CPU
		{2E8A9868-11F3-454C-BCA8-B063FB4AE5FD}.Release|x86.Build.0 = Release|Any CPU
	EndGlobalSection
	GlobalSection(SolutionProperties) = preSolution
		HideSolutionNode = FALSE
	EndGlobalSection
	GlobalSection(ExtensibilityGlobals) = postSolution
		SolutionGuid = {203A3162-BE45-4721-937D-6804E0E1AFF8}
	EndGlobalSection
EndGlobal
